
Microsoft Visual Studio Solution File, Format Version 12.00
# Visual Studio Version 17
VisualStudioVersion = 17.4.33122.133
MinimumVisualStudioVersion = 10.0.40219.1
Project("{888888A0-9F3D-457C-B088-3A5042F75D52}") = "Multiply", "Multiply.pyproj", "{33781B5A-2002-4A31-83C1-5B9D9986EF3A}"
EndProject
Global
	GlobalSection(SolutionConfigurationPlatforms) = preSolution
		Debug|Any CPU = Debug|Any CPU
		Release|Any CPU = Release|Any CPU
	EndGlobalSection
	GlobalSection(ProjectConfigurationPlatforms) = postSolution
		{33781B5A-2002-4A31-83C1-5B9D9986EF3A}.Debug|Any CPU.ActiveCfg = Debug|Any CPU
		{33781B5A-2002-4A31-83C1-5B9D9986EF3A}.Release|Any CPU.ActiveCfg = Release|Any CPU
	EndGlobalSection
	GlobalSection(SolutionProperties) = preSolution
		HideSolutionNode = FALSE
	EndGlobalSection
	GlobalSection(ExtensibilityGlobals) = postSolution
		SolutionGuid = {A165A53E-8579-4C7F-AD4E-62A9742F68E9}
	EndGlobalSection
EndGlobal
