
Microsoft Visual Studio Solution File, Format Version 12.00
# Visual Studio Version 17
VisualStudioVersion = 17.4.33122.133
MinimumVisualStudioVersion = 10.0.40219.1
Project("{888888A0-9F3D-457C-B088-3A5042F75D52}") = "BMI_Calculator", "BMI_Calculator.pyproj", "{725DBAE3-7AFD-4D9F-94E1-F8C4D1DBE894}"
EndProject
Global
	GlobalSection(SolutionConfigurationPlatforms) = preSolution
		Debug|Any CPU = Debug|Any CPU
		Release|Any CPU = Release|Any CPU
	EndGlobalSection
	GlobalSection(ProjectConfigurationPlatforms) = postSolution
		{725DBAE3-7AFD-4D9F-94E1-F8C4D1DBE894}.Debug|Any CPU.ActiveCfg = Debug|Any CPU
		{725DBAE3-7AFD-4D9F-94E1-F8C4D1DBE894}.Release|Any CPU.ActiveCfg = Release|Any CPU
	EndGlobalSection
	GlobalSection(SolutionProperties) = preSolution
		HideSolutionNode = FALSE
	EndGlobalSection
	GlobalSection(ExtensibilityGlobals) = postSolution
		SolutionGuid = {218B7673-80E8-4609-8384-B80FA714002C}
	EndGlobalSection
EndGlobal
