
Microsoft Visual Studio Solution File, Format Version 12.00
# Visual Studio Version 17
VisualStudioVersion = 17.4.33122.133
MinimumVisualStudioVersion = 10.0.40219.1
Project("{888888A0-9F3D-457C-B088-3A5042F75D52}") = "CoyoteInnCalculator", "CoyoteInnCalculator.pyproj", "{1CAEB04E-A363-4DAA-B390-9FDC9B1F268A}"
EndProject
Global
	GlobalSection(SolutionConfigurationPlatforms) = preSolution
		Debug|Any CPU = Debug|Any CPU
		Release|Any CPU = Release|Any CPU
	EndGlobalSection
	GlobalSection(ProjectConfigurationPlatforms) = postSolution
		{1CAEB04E-A363-4DAA-B390-9FDC9B1F268A}.Debug|Any CPU.ActiveCfg = Debug|Any CPU
		{1CAEB04E-A363-4DAA-B390-9FDC9B1F268A}.Release|Any CPU.ActiveCfg = Release|Any CPU
	EndGlobalSection
	GlobalSection(SolutionProperties) = preSolution
		HideSolutionNode = FALSE
	EndGlobalSection
	GlobalSection(ExtensibilityGlobals) = postSolution
		SolutionGuid = {93C4ABF0-A4F0-4A6B-8797-A2B27C55831A}
	EndGlobalSection
EndGlobal
